Microsoft Visual Studio Solution File, Format Version 11.00
# Visual Studio 2008

Project("{54E41313-334F-30B9-1322-8ABB620568A7}") = "Mahindi", "Assembly-CSharp.csproj", "{619FAFD6-8B57-6424-AEB1-EC8FE2C676D0}"
EndProject
Global
	GlobalSection(SolutionConfigurationPlatforms) = preSolution
		Debug|Any CPU = Debug|Any CPU
		Release|Any CPU = Release|Any CPU
	EndGlobalSection
	GlobalSection(ProjectConfigurationPlatforms) = postSolution
		{619FAFD6-8B57-6424-AEB1-EC8FE2C676D0}.Debug|Any CPU.ActiveCfg = Debug|Any CPU
		{619FAFD6-8B57-6424-AEB1-EC8FE2C676D0}.Debug|Any CPU.Build.0 = Debug|Any CPU
		{619FAFD6-8B57-6424-AEB1-EC8FE2C676D0}.Release|Any CPU.ActiveCfg = Release|Any CPU
		{619FAFD6-8B57-6424-AEB1-EC8FE2C676D0}.Release|Any CPU.Build.0 = Release|Any CPU
	EndGlobalSection
	GlobalSection(SolutionProperties) = preSolution
		HideSolutionNode = FALSE
	EndGlobalSection
	GlobalSection(MonoDevelopProperties) = preSolution
		StartupItem = Assembly-CSharp.csproj
	EndGlobalSection
EndGlobal
