Microsoft Visual Studio Solution File, Format Version 11.00
# Visual Studio 2008

Project("{7A2547BA-5522-960A-6A9A-A11BE2BB1C4C}") = "zoom_cube", "Assembly-CSharp.csproj", "{1C0963ED-A130-2060-4CDF-DED8F9396191}"
EndProject
Global
	GlobalSection(SolutionConfigurationPlatforms) = preSolution
		Debug|Any CPU = Debug|Any CPU
		Release|Any CPU = Release|Any CPU
	EndGlobalSection
	GlobalSection(ProjectConfigurationPlatforms) = postSolution
		{1C0963ED-A130-2060-4CDF-DED8F9396191}.Debug|Any CPU.ActiveCfg = Debug|Any CPU
		{1C0963ED-A130-2060-4CDF-DED8F9396191}.Debug|Any CPU.Build.0 = Debug|Any CPU
		{1C0963ED-A130-2060-4CDF-DED8F9396191}.Release|Any CPU.ActiveCfg = Release|Any CPU
		{1C0963ED-A130-2060-4CDF-DED8F9396191}.Release|Any CPU.Build.0 = Release|Any CPU
	EndGlobalSection
	GlobalSection(SolutionProperties) = preSolution
		HideSolutionNode = FALSE
	EndGlobalSection
	GlobalSection(MonoDevelopProperties) = preSolution
		StartupItem = Assembly-CSharp.csproj
	EndGlobalSection
EndGlobal
